
Microsoft Visual Studio Solution File, Format Version 12.00
# Visual Studio Version 17
VisualStudioVersion = 17.6.33815.320
MinimumVisualStudioVersion = 10.0.40219.1
Project("{FAE04EC0-301F-11D3-BF4B-00C04F79EFBC}") = "SpecFlowProject", "SpecFlowProject\SpecFlowProject.csproj", "{16CDE5B3-5E40-450C-B501-7C498F2E6DDD}"
EndProject
Global
	GlobalSection(SolutionConfigurationPlatforms) = preSolution
		Debug|Any CPU = Debug|Any CPU
		Release|Any CPU = Release|Any CPU
	EndGlobalSection
	GlobalSection(ProjectConfigurationPlatforms) = postSolution
		{16CDE5B3-5E40-450C-B501-7C498F2E6DDD}.Debug|Any CPU.ActiveCfg = Debug|Any CPU
		{16CDE5B3-5E40-450C-B501-7C498F2E6DDD}.Debug|Any CPU.Build.0 = Debug|Any CPU
		{16CDE5B3-5E40-450C-B501-7C498F2E6DDD}.Release|Any CPU.ActiveCfg = Release|Any CPU
		{16CDE5B3-5E40-450C-B501-7C498F2E6DDD}.Release|Any CPU.Build.0 = Release|Any CPU
	EndGlobalSection
	GlobalSection(SolutionProperties) = preSolution
		HideSolutionNode = FALSE
	EndGlobalSection
	GlobalSection(ExtensibilityGlobals) = postSolution
		SolutionGuid = {D6521628-3D4F-4F41-8638-72348FAA1C68}
	EndGlobalSection
EndGlobal
